{
  "name": "autocomplete-api",
  "version": "1.0.0",
  "lockfileVersion": 3,
  "requires": true,
  "packages": {
    "": {
      "name": "autocomplete-api",
      "version": "1.0.0",
      "license": "ISC",
      "dependencies": {
        "autocompleter": "^9.2.1"
      }
    },
    "node_modules/autocompleter": {
      "version": "9.2.1",
      "resolved": "https://registry.npmjs.org/autocompleter/-/autocompleter-9.2.1.tgz",
      "integrity": "sha512-lZVD5JZxxg3o6hnh7oB3M4kVAJPp/xFKmrO9RYeMGpFIH1XokmwevMLzSYz0BHSAbXMX6H3hEMsDxAd2dMebag=="
    }
  }
}
